schema: '2.0'
stages:
  prepare:
    cmd: python src/prepare.py
    deps:
    - path: src/prepare.py
      hash: md5
      md5: 51d72523c73f47731dccab629a1a3ff1
      size: 958
    outs:
    - path: data/raw
      hash: md5
      md5: df732cbf70a7f29924e8db6921a84db1.dir
      size: 54951020
      nfiles: 2
  preprocess:
    cmd: python src/preprocess.py
    deps:
    - path: data/raw
      hash: md5
      md5: df732cbf70a7f29924e8db6921a84db1.dir
      size: 54951020
      nfiles: 2
    - path: src/preprocess.py
      hash: md5
      md5: 1e4949eb08fb55a8763c5008fc0cc5aa
      size: 1800
    params:
      params.yaml:
        preprocess.seed: 42
        preprocess.test_size: 0.2
    outs:
    - path: data/processed
      hash: md5
      md5: 156a4f230d95317a76637b415ba6c8d2.dir
      size: 219591530
      nfiles: 3
  train:
    cmd: python src/train.py
    deps:
    - path: data/processed
      hash: md5
      md5: 156a4f230d95317a76637b415ba6c8d2.dir
      size: 219591530
      nfiles: 3
    - path: src/train.py
      hash: md5
      md5: 6ddd4736e53a48f175a900ad32cebfaf
      size: 2405
    params:
      params.yaml:
        train.batch_size: 32
        train.dense_units: 256
        train.dropout_rate: 0.2
        train.epochs: 10
        train.learning_rate: 0.001
    outs:
    - path: models/history.csv
      hash: md5
      md5: 31c294c0d00f75cb336ed1292ed01a83
      size: 814
    - path: models/model.h5
      hash: md5
      md5: 1f5b7603a479344a5055c3e3702b822c
      size: 2466904
  evaluate:
    cmd: python src/evaluate.py
    deps:
    - path: data/processed
      hash: md5
      md5: 156a4f230d95317a76637b415ba6c8d2.dir
      size: 219591530
      nfiles: 3
    - path: models/model.h5
      hash: md5
      md5: 1f5b7603a479344a5055c3e3702b822c
      size: 2466904
    - path: src/evaluate.py
      hash: md5
      md5: 112b38d9428fdb3c1abc2bfded71ec3c
      size: 2293
    outs:
    - path: metrics.json
      hash: md5
      md5: bd5fca626e0c508c1be6546684408cd5
      size: 80
    - path: models/confusion_matrix.png
      hash: md5
      md5: 43a4746884c6702f9ecdb91a79d560db
      size: 55853
